{
  "requires": true,
  "lockfileVersion": 1,
  "dependencies": {
    "@lowcodeunit/lazy-element": {
      "version": "0.0.8",
      "resolved": "https://registry.npmjs.org/@lowcodeunit/lazy-element/-/lazy-element-0.0.8.tgz",
      "integrity": "sha512-+PpnQN26uI/px7r3kv1+Uo7Udaf8lq9U7qL0w7A9kOWybUQUVlN/FDiKmfUmv1shqaykj1HnunUUrH2VLn0ylw==",
      "requires": {
        "tslib": "^1.9.0"
      }
    },
    "tslib": {
      "version": "1.10.0",
      "resolved": "https://registry.npmjs.org/tslib/-/tslib-1.10.0.tgz",
      "integrity": "sha512-qOebF53frne81cf0S9B41ByenJ3/IuH8yJKngAX35CmiZySA0khhkovshKK+jGCaMnVomla7gVlIcc3EvKPbTQ=="
    }
  }
}
